PODS:
  - Alamofire (4.3.0)
  - ALLoadingView (1.1.2)
  - GoogleMaps (2.2.0):
    - GoogleMaps/Maps (= 2.2.0)
  - GoogleMaps/Base (2.2.0)
  - GoogleMaps/Maps (2.2.0):
    - GoogleMaps/Base
  - GooglePlaces (2.2.0):
    - GoogleMaps/Base (= 2.2.0)
  - InteractiveSideMenu (1.0)
  - paper-onboarding (2.0.1)
  - SkyFloatingLabelTextField (2.0.1)

DEPENDENCIES:
  - Alamofire (~> 4.0)
  - ALLoadingView
  - GoogleMaps
  - GooglePlaces
  - InteractiveSideMenu
  - paper-onboarding (~> 2.0.1)
  - SkyFloatingLabelTextField (~> 2.0.0)

SPEC CHECKSUMS:
  Alamofire: 856a113053a7bc9cbe5d6367a555d773fc5cfef7
  ALLoadingView: 4244d5b7be5f86331b9a730fd906b2eedcb8daa2
  GoogleMaps: 104c418d61ab8a05dff06ed0784c25ea9d37da45
  GooglePlaces: bca867d5e9da15384c794b945e4226848bc6e9d9
  InteractiveSideMenu: 2966af15dee760f6c3e09a7a80a98c09fed3d7a4
  paper-onboarding: a8e001214d9ce9decf78e160b3823f396dbd51ac
  SkyFloatingLabelTextField: 070e749632ffd608d6fd9db3fa488a822524997c

PODFILE CHECKSUM: 713dd77504fe6d1b45b352ec72bdb33d2add48b5

COCOAPODS: 1.1.1
